{
    "name": "laravel-url-cleaner",
    "lockfileVersion": 3,
    "requires": true,
    "packages": {
        "": {
            "devDependencies": {
                "tracking-query-params-registry": "*"
            }
        },
        "node_modules/tracking-query-params-registry": {
            "version": "1.0.0",
            "resolved": "https://registry.npmjs.org/tracking-query-params-registry/-/tracking-query-params-registry-1.0.0.tgz",
            "integrity": "sha512-hsgkVdRiWTX61eJX2vZMwDo2Rkz8hHXTmP8h67o9xs6lsak+TXbXpZoW+N036iXD4RtjE/Jmz1JE0+/qLAdn9g==",
            "dev": true,
            "license": "ISC"
        }
    }
}
